# This file is automatically @generated by Cargo.
# It is not intended for manual editing.
version = 4

[[package]]
name = "identity-admin-worker"
version = "0.0.0"
dependencies = [
 "identity-application",
 "identity-cloudflare",
 "worker",
]

[[package]]
name = "identity-application"
version = "0.0.0"
dependencies = [
 "identity-domain",
]

[[package]]
name = "identity-cloudflare"
version = "0.0.0"
dependencies = [
 "identity-application",
 "identity-domain",
 "identity-oidc",
 "identity-security",
 "worker",
]

[[package]]
name = "identity-domain"
version = "0.0.0"
dependencies = [
 "worker",
]

[[package]]
name = "identity-jobs-worker"
version = "0.0.0"
dependencies = [
 "identity-cloudflare",
 "identity-domain",
 "identity-security",
 "worker",
]

[[package]]
name = "identity-oidc"
version = "0.0.0"
dependencies = [
 "identity-domain",
]

[[package]]
name = "identity-security"
version = "0.0.0"
dependencies = [
 "identity-domain",
]

[[package]]
name = "identity-testkit"
version = "0.0.0"
dependencies = [
 "identity-application",
 "identity-domain",
]

[[package]]
name = "identity-worker"
version = "0.0.0"
dependencies = [
 "identity-application",
 "identity-cloudflare",
 "identity-domain",
 "worker",
]

[[package]]
name = "worker"
version = "0.8.7"
